
Microsoft Visual Studio Solution File, Format Version 12.00
# Visual Studio Version 17
VisualStudioVersion = 17.11.35222.181
MinimumVisualStudioVersion = 10.0.40219.1
Project("{FAE04EC0-301F-11D3-BF4B-00C04F79EFBC}") = "Roulette", "Roulette\Roulette.csproj", "{1750D22C-539C-40D9-A688-5ED1BC8A1D02}"
EndProject
Global
	GlobalSection(SolutionConfigurationPlatforms) = preSolution
		Debug|Any CPU = Debug|Any CPU
		Release|Any CPU = Release|Any CPU
	EndGlobalSection
	GlobalSection(ProjectConfigurationPlatforms) = postSolution
		{1750D22C-539C-40D9-A688-5ED1BC8A1D02}.Debug|Any CPU.ActiveCfg = Debug|Any CPU
		{1750D22C-539C-40D9-A688-5ED1BC8A1D02}.Debug|Any CPU.Build.0 = Debug|Any CPU
		{1750D22C-539C-40D9-A688-5ED1BC8A1D02}.Release|Any CPU.ActiveCfg = Release|Any CPU
		{1750D22C-539C-40D9-A688-5ED1BC8A1D02}.Release|Any CPU.Build.0 = Release|Any CPU
	EndGlobalSection
	GlobalSection(SolutionProperties) = preSolution
		HideSolutionNode = FALSE
	EndGlobalSection
	GlobalSection(ExtensibilityGlobals) = postSolution
		SolutionGuid = {50DD99B2-0E33-47D5-826E-684B537DB873}
	EndGlobalSection
EndGlobal
